// !$*UTF8*$!
{
	archiveVersion = 1;
	classes = {
	};
	objectVersion = 56;
	objects = {

/* Begin PBXBuildFile section */
		201205B02A060204001D89BE /* AppDelegate.swift in Sources */ = {isa = PBXBuildFile; fileRef = 201205AF2A060204001D89BE /* AppDelegate.swift */; };
		201205B22A060204001D89BE /* SceneDelegate.swift in Sources */ = {isa = PBXBuildFile; fileRef = 201205B12A060204001D89BE /* SceneDelegate.swift */; };
		201205B42A060204001D89BE /* ParameterScreenViewController.swift in Sources */ = {isa = PBXBuildFile; fileRef = 201205B32A060204001D89BE /* ParameterScreenViewController.swift */; };
		201205B92A060204001D89BE /* Assets.xcassets in Resources */ = {isa = PBXBuildFile; fileRef = 201205B82A060204001D89BE /* Assets.xcassets */; };
		201205BC2A060204001D89BE /* LaunchScreen.storyboard in Resources */ = {isa = PBXBuildFile; fileRef = 201205BA2A060204001D89BE /* LaunchScreen.storyboard */; };
		201205C92A06079B001D89BE /* SimulatorManager.swift in Sources */ = {isa = PBXBuildFile; fileRef = 201205C82A06079B001D89BE /* SimulatorManager.swift */; };
		201205CB2A06A354001D89BE /* HumanModel.swift in Sources */ = {isa = PBXBuildFile; fileRef = 201205CA2A06A354001D89BE /* HumanModel.swift */; };
		201205D12A079C49001D89BE /* ParameterScreenModel.swift in Sources */ = {isa = PBXBuildFile; fileRef = 201205D02A079C49001D89BE /* ParameterScreenModel.swift */; };
		201205D32A079C56001D89BE /* ParameterScreenPresenter.swift in Sources */ = {isa = PBXBuildFile; fileRef = 201205D22A079C56001D89BE /* ParameterScreenPresenter.swift */; };
		201205D52A07B6C1001D89BE /* SimulatorScreenPresenter.swift in Sources */ = {isa = PBXBuildFile; fileRef = 201205D42A07B6C1001D89BE /* SimulatorScreenPresenter.swift */; };
		201205D72A07B790001D89BE /* SimulatorViewController.swift in Sources */ = {isa = PBXBuildFile; fileRef = 201205D62A07B790001D89BE /* SimulatorViewController.swift */; };
		201205D92A07B98A001D89BE /* SimulatorScreenModel.swift in Sources */ = {isa = PBXBuildFile; fileRef = 201205D82A07B98A001D89BE /* SimulatorScreenModel.swift */; };
		201205DB2A07DC10001D89BE /* SimulatorCollectionViewCell.swift in Sources */ = {isa = PBXBuildFile; fileRef = 201205DA2A07DC10001D89BE /* SimulatorCollectionViewCell.swift */; };
		201205DE2A097935001D89BE /* Router.swift in Sources */ = {isa = PBXBuildFile; fileRef = 201205DD2A097935001D89BE /* Router.swift */; };
/* End PBXBuildFile section */

/* Begin PBXFileReference section */
		201205AC2A060204001D89BE /* VirusSImulator.app */ = {isa = PBXFileReference; explicitFileType = wrapper.application; includeInIndex = 0; path = VirusSImulator.app; sourceTree = BUILT_PRODUCTS_DIR; };
		201205AF2A060204001D89BE /* AppDelegate.swift */ = {isa = PBXFileReference; lastKnownFileType = sourcecode.swift; path = AppDelegate.swift; sourceTree = "<group>"; };
		201205B12A060204001D89BE /* SceneDelegate.swift */ = {isa = PBXFileReference; lastKnownFileType = sourcecode.swift; path = SceneDelegate.swift; sourceTree = "<group>"; };
		201205B32A060204001D89BE /* ParameterScreenViewController.swift */ = {isa = PBXFileReference; lastKnownFileType = sourcecode.swift; path = ParameterScreenViewController.swift; sourceTree = "<group>"; };
		201205B82A060204001D89BE /* Assets.xcassets */ = {isa = PBXFileReference; lastKnownFileType = folder.assetcatalog; path = Assets.xcassets; sourceTree = "<group>"; };
		201205BB2A060204001D89BE /* Base */ = {isa = PBXFileReference; lastKnownFileType = file.storyboard; name = Base; path = Base.lproj/LaunchScreen.storyboard; sourceTree = "<group>"; };
		201205BD2A060204001D89BE /* Info.plist */ = {isa = PBXFileReference; lastKnownFileType = text.plist.xml; path = Info.plist; sourceTree = "<group>"; };
		201205C82A06079B001D89BE /* SimulatorManager.swift */ = {isa = PBXFileReference; lastKnownFileType = sourcecode.swift; path = SimulatorManager.swift; sourceTree = "<group>"; };
		201205CA2A06A354001D89BE /* HumanModel.swift */ = {isa = PBXFileReference; lastKnownFileType = sourcecode.swift; path = HumanModel.swift; sourceTree = "<group>"; };
		201205D02A079C49001D89BE /* ParameterScreenModel.swift */ = {isa = PBXFileReference; lastKnownFileType = sourcecode.swift; path = ParameterScreenModel.swift; sourceTree = "<group>"; };
		201205D22A079C56001D89BE /* ParameterScreenPresenter.swift */ = {isa = PBXFileReference; lastKnownFileType = sourcecode.swift; path = ParameterScreenPresenter.swift; sourceTree = "<group>"; };
		201205D42A07B6C1001D89BE /* SimulatorScreenPresenter.swift */ = {isa = PBXFileReference; lastKnownFileType = sourcecode.swift; path = SimulatorScreenPresenter.swift; sourceTree = "<group>"; };
		201205D62A07B790001D89BE /* SimulatorViewController.swift */ = {isa = PBXFileReference; fileEncoding = 4; lastKnownFileType = sourcecode.swift; path = SimulatorViewController.swift; sourceTree = "<group>"; };
		201205D82A07B98A001D89BE /* SimulatorScreenModel.swift */ = {isa = PBXFileReference; lastKnownFileType = sourcecode.swift; path = SimulatorScreenModel.swift; sourceTree = "<group>"; };
		201205DA2A07DC10001D89BE /* SimulatorCollectionViewCell.swift */ = {isa = PBXFileReference; lastKnownFileType = sourcecode.swift; path = SimulatorCollectionViewCell.swift; sourceTree = "<group>"; };
		201205DD2A097935001D89BE /* Router.swift */ = {isa = PBXFileReference; lastKnownFileType = sourcecode.swift; path = Router.swift; sourceTree = "<group>"; };
/* End PBXFileReference section */

/* Begin PBXFrameworksBuildPhase section */
		201205A92A060204001D89BE /* Frameworks */ = {
			isa = PBXFrameworksBuildPhase;
			buildActionMask = 2147483647;
			files = (
			);
			runOnlyForDeploymentPostprocessing = 0;
		};
/* End PBXFrameworksBuildPhase section */

/* Begin PBXGroup section */
		201205A32A060203001D89BE = {
			isa = PBXGroup;
			children = (
				201205AE2A060204001D89BE /* VirusSImulator */,
				201205AD2A060204001D89BE /* Products */,
			);
			sourceTree = "<group>";
		};
		201205AD2A060204001D89BE /* Products */ = {
			isa = PBXGroup;
			children = (
				201205AC2A060204001D89BE /* VirusSImulator.app */,
			);
			name = Products;
			sourceTree = "<group>";
		};
		201205AE2A060204001D89BE /* VirusSImulator */ = {
			isa = PBXGroup;
			children = (
				201205C52A06064E001D89BE /* Sources */,
				201205C42A06063F001D89BE /* Resources */,
			);
			path = VirusSImulator;
			sourceTree = "<group>";
		};
		201205C32A060637001D89BE /* Core */ = {
			isa = PBXGroup;
			children = (
				201205CA2A06A354001D89BE /* HumanModel.swift */,
				201205C82A06079B001D89BE /* SimulatorManager.swift */,
			);
			path = Core;
			sourceTree = "<group>";
		};
		201205C42A06063F001D89BE /* Resources */ = {
			isa = PBXGroup;
			children = (
				201205BD2A060204001D89BE /* Info.plist */,
				201205B82A060204001D89BE /* Assets.xcassets */,
				201205BA2A060204001D89BE /* LaunchScreen.storyboard */,
			);
			path = Resources;
			sourceTree = "<group>";
		};
		201205C52A06064E001D89BE /* Sources */ = {
			isa = PBXGroup;
			children = (
				201205AF2A060204001D89BE /* AppDelegate.swift */,
				201205B12A060204001D89BE /* SceneDelegate.swift */,
				201205DD2A097935001D89BE /* Router.swift */,
				201205C32A060637001D89BE /* Core */,
				201205C62A060697001D89BE /* ParameterScreen */,
				201205C72A0606C5001D89BE /* SimulatorScreen */,
			);
			path = Sources;
			sourceTree = "<group>";
		};
		201205C62A060697001D89BE /* ParameterScreen */ = {
			isa = PBXGroup;
			children = (
				201205B32A060204001D89BE /* ParameterScreenViewController.swift */,
				201205D02A079C49001D89BE /* ParameterScreenModel.swift */,
				201205D22A079C56001D89BE /* ParameterScreenPresenter.swift */,
			);
			path = ParameterScreen;
			sourceTree = "<group>";
		};
		201205C72A0606C5001D89BE /* SimulatorScreen */ = {
			isa = PBXGroup;
			children = (
				201205DC2A081951001D89BE /* SimulatorCollectionView */,
				201205D82A07B98A001D89BE /* SimulatorScreenModel.swift */,
				201205D42A07B6C1001D89BE /* SimulatorScreenPresenter.swift */,
			);
			path = SimulatorScreen;
			sourceTree = "<group>";
		};
		201205DC2A081951001D89BE /* SimulatorCollectionView */ = {
			isa = PBXGroup;
			children = (
				201205D62A07B790001D89BE /* SimulatorViewController.swift */,
				201205DA2A07DC10001D89BE /* SimulatorCollectionViewCell.swift */,
			);
			path = SimulatorCollectionView;
			sourceTree = "<group>";
		};
/* End PBXGroup section */

/* Begin PBXNativeTarget section */
		201205AB2A060204001D89BE /* VirusSImulator */ = {
			isa = PBXNativeTarget;
			buildConfigurationList = 201205C02A060204001D89BE /* Build configuration list for PBXNativeTarget "VirusSImulator" */;
			buildPhases = (
				201205A82A060204001D89BE /* Sources */,
				201205A92A060204001D89BE /* Frameworks */,
				201205AA2A060204001D89BE /* Resources */,
			);
			buildRules = (
			);
			dependencies = (
			);
			name = VirusSImulator;
			productName = VirusSImulator;
			productReference = 201205AC2A060204001D89BE /* VirusSImulator.app */;
			productType = "com.apple.product-type.application";
		};
/* End PBXNativeTarget section */

/* Begin PBXProject section */
		201205A42A060203001D89BE /* Project object */ = {
			isa = PBXProject;
			attributes = {
				BuildIndependentTargetsInParallel = 1;
				LastSwiftUpdateCheck = 1410;
				LastUpgradeCheck = 1410;
				TargetAttributes = {
					201205AB2A060204001D89BE = {
						CreatedOnToolsVersion = 14.1;
					};
				};
			};
			buildConfigurationList = 201205A72A060203001D89BE /* Build configuration list for PBXProject "VirusSImulator" */;
			compatibilityVersion = "Xcode 14.0";
			developmentRegion = en;
			hasScannedForEncodings = 0;
			knownRegions = (
				en,
				Base,
			);
			mainGroup = 201205A32A060203001D89BE;
			productRefGroup = 201205AD2A060204001D89BE /* Products */;
			projectDirPath = "";
			projectRoot = "";
			targets = (
				201205AB2A060204001D89BE /* VirusSImulator */,
			);
		};
/* End PBXProject section */

/* Begin PBXResourcesBuildPhase section */
		201205AA2A060204001D89BE /* Resources */ = {
			isa = PBXResourcesBuildPhase;
			buildActionMask = 2147483647;
			files = (
				201205BC2A060204001D89BE /* LaunchScreen.storyboard in Resources */,
				201205B92A060204001D89BE /* Assets.xcassets in Resources */,
			);
			runOnlyForDeploymentPostprocessing = 0;
		};
/* End PBXResourcesBuildPhase section */

/* Begin PBXSourcesBuildPhase section */
		201205A82A060204001D89BE /* Sources */ = {
			isa = PBXSourcesBuildPhase;
			buildActionMask = 2147483647;
			files = (
				201205C92A06079B001D89BE /* SimulatorManager.swift in Sources */,
				201205DE2A097935001D89BE /* Router.swift in Sources */,
				201205B42A060204001D89BE /* ParameterScreenViewController.swift in Sources */,
				201205D92A07B98A001D89BE /* SimulatorScreenModel.swift in Sources */,
				201205B02A060204001D89BE /* AppDelegate.swift in Sources */,
				201205CB2A06A354001D89BE /* HumanModel.swift in Sources */,
				201205DB2A07DC10001D89BE /* SimulatorCollectionViewCell.swift in Sources */,
				201205D72A07B790001D89BE /* SimulatorViewController.swift in Sources */,
				201205B22A060204001D89BE /* SceneDelegate.swift in Sources */,
				201205D12A079C49001D89BE /* ParameterScreenModel.swift in Sources */,
				201205D32A079C56001D89BE /* ParameterScreenPresenter.swift in Sources */,
				201205D52A07B6C1001D89BE /* SimulatorScreenPresenter.swift in Sources */,
			);
			runOnlyForDeploymentPostprocessing = 0;
		};
/* End PBXSourcesBuildPhase section */

/* Begin PBXVariantGroup section */
		201205BA2A060204001D89BE /* LaunchScreen.storyboard */ = {
			isa = PBXVariantGroup;
			children = (
				201205BB2A060204001D89BE /* Base */,
			);
			name = LaunchScreen.storyboard;
			sourceTree = "<group>";
		};
/* End PBXVariantGroup section */

/* Begin XCBuildConfiguration section */
		201205BE2A060204001D89BE /* Debug */ = {
			isa = XCBuildConfiguration;
			buildSettings = {
				ALWAYS_SEARCH_USER_PATHS = NO;
				CLANG_ANALYZER_NONNULL = YES;
				CLANG_ANALYZER_NUMBER_OBJECT_CONVERSION = YES_AGGRESSIVE;
				CLANG_CXX_LANGUAGE_STANDARD = "gnu++20";
				CLANG_ENABLE_MODULES = YES;
				CLANG_ENABLE_OBJC_ARC = YES;
				CLANG_ENABLE_OBJC_WEAK = YES;
				CLANG_WARN_BLOCK_CAPTURE_AUTORELEASING = YES;
				CLANG_WARN_BOOL_CONVERSION = YES;
				CLANG_WARN_COMMA = YES;
				CLANG_WARN_CONSTANT_CONVERSION = YES;
				CLANG_WARN_DEPRECATED_OBJC_IMPLEMENTATIONS = YES;
				CLANG_WARN_DIRECT_OBJC_ISA_USAGE = YES_ERROR;
				CLANG_WARN_DOCUMENTATION_COMMENTS = YES;
				CLANG_WARN_EMPTY_BODY = YES;
				CLANG_WARN_ENUM_CONVERSION = YES;
				CLANG_WARN_INFINITE_RECURSION = YES;
				CLANG_WARN_INT_CONVERSION = YES;
				CLANG_WARN_NON_LITERAL_NULL_CONVERSION = YES;
				CLANG_WARN_OBJC_IMPLICIT_RETAIN_SELF = YES;
				CLANG_WARN_OBJC_LITERAL_CONVERSION = YES;
				CLANG_WARN_OBJC_ROOT_CLASS = YES_ERROR;
				CLANG_WARN_QUOTED_INCLUDE_IN_FRAMEWORK_HEADER = YES;
				CLANG_WARN_RANGE_LOOP_ANALYSIS = YES;
				CLANG_WARN_STRICT_PROTOTYPES = YES;
				CLANG_WARN_SUSPICIOUS_MOVE = YES;
				CLANG_WARN_UNGUARDED_AVAILABILITY = YES_AGGRESSIVE;
				CLANG_WARN_UNREACHABLE_CODE = YES;
				CLANG_WARN__DUPLICATE_METHOD_MATCH = YES;
				COPY_PHASE_STRIP = NO;
				DEBUG_INFORMATION_FORMAT = dwarf;
				ENABLE_STRICT_OBJC_MSGSEND = YES;
				ENABLE_TESTABILITY = YES;
				GCC_C_LANGUAGE_STANDARD = gnu11;
				GCC_DYNAMIC_NO_PIC = NO;
				GCC_NO_COMMON_BLOCKS = YES;
				GCC_OPTIMIZATION_LEVEL = 0;
				GCC_PREPROCESSOR_DEFINITIONS = (
					"DEBUG=1",
					"$(inherited)",
				);
				GCC_WARN_64_TO_32_BIT_CONVERSION = YES;
				GCC_WARN_ABOUT_RETURN_TYPE = YES_ERROR;
				GCC_WARN_UNDECLARED_SELECTOR = YES;
				GCC_WARN_UNINITIALIZED_AUTOS = YES_AGGRESSIVE;
				GCC_WARN_UNUSED_FUNCTION = YES;
				GCC_WARN_UNUSED_VARIABLE = YES;
				IPHONEOS_DEPLOYMENT_TARGET = 16.1;
				MTL_ENABLE_DEBUG_INFO = INCLUDE_SOURCE;
				MTL_FAST_MATH = YES;
				ONLY_ACTIVE_ARCH = YES;
				SDKROOT = iphoneos;
				SWIFT_ACTIVE_COMPILATION_CONDITIONS = DEBUG;
				SWIFT_OPTIMIZATION_LEVEL = "-Onone";
			};
			name = Debug;
		};
		201205BF2A060204001D89BE /* Release */ = {
			isa = XCBuildConfiguration;
			buildSettings = {
				ALWAYS_SEARCH_USER_PATHS = NO;
				CLANG_ANALYZER_NONNULL = YES;
				CLANG_ANALYZER_NUMBER_OBJECT_CONVERSION = YES_AGGRESSIVE;
				CLANG_CXX_LANGUAGE_STANDARD = "gnu++20";
				CLANG_ENABLE_MODULES = YES;
				CLANG_ENABLE_OBJC_ARC = YES;
				CLANG_ENABLE_OBJC_WEAK = YES;
				CLANG_WARN_BLOCK_CAPTURE_AUTORELEASING = YES;
				CLANG_WARN_BOOL_CONVERSION = YES;
				CLANG_WARN_COMMA = YES;
				CLANG_WARN_CONSTANT_CONVERSION = YES;
				CLANG_WARN_DEPRECATED_OBJC_IMPLEMENTATIONS = YES;
				CLANG_WARN_DIRECT_OBJC_ISA_USAGE = YES_ERROR;
				CLANG_WARN_DOCUMENTATION_COMMENTS = YES;
				CLANG_WARN_EMPTY_BODY = YES;
				CLANG_WARN_ENUM_CONVERSION = YES;
				CLANG_WARN_INFINITE_RECURSION = YES;
				CLANG_WARN_INT_CONVERSION = YES;
				CLANG_WARN_NON_LITERAL_NULL_CONVERSION = YES;
				CLANG_WARN_OBJC_IMPLICIT_RETAIN_SELF = YES;
				CLANG_WARN_OBJC_LITERAL_CONVERSION = YES;
				CLANG_WARN_OBJC_ROOT_CLASS = YES_ERROR;
				CLANG_WARN_QUOTED_INCLUDE_IN_FRAMEWORK_HEADER = YES;
				CLANG_WARN_RANGE_LOOP_ANALYSIS = YES;
				CLANG_WARN_STRICT_PROTOTYPES = YES;
				CLANG_WARN_SUSPICIOUS_MOVE = YES;
				CLANG_WARN_UNGUARDED_AVAILABILITY = YES_AGGRESSIVE;
				CLANG_WARN_UNREACHABLE_CODE = YES;
				CLANG_WARN__DUPLICATE_METHOD_MATCH = YES;
				COPY_PHASE_STRIP = NO;
				DEBUG_INFORMATION_FORMAT = "dwarf-with-dsym";
				ENABLE_NS_ASSERTIONS = NO;
				ENABLE_STRICT_OBJC_MSGSEND = YES;
				GCC_C_LANGUAGE_STANDARD = gnu11;
				GCC_NO_COMMON_BLOCKS = YES;
				GCC_WARN_64_TO_32_BIT_CONVERSION = YES;
				GCC_WARN_ABOUT_RETURN_TYPE = YES_ERROR;
				GCC_WARN_UNDECLARED_SELECTOR = YES;
				GCC_WARN_UNINITIALIZED_AUTOS = YES_AGGRESSIVE;
				GCC_WARN_UNUSED_FUNCTION = YES;
				GCC_WARN_UNUSED_VARIABLE = YES;
				IPHONEOS_DEPLOYMENT_TARGET = 16.1;
				MTL_ENABLE_DEBUG_INFO = NO;
				MTL_FAST_MATH = YES;
				SDKROOT = iphoneos;
				SWIFT_COMPILATION_MODE = wholemodule;
				SWIFT_OPTIMIZATION_LEVEL = "-O";
				VALIDATE_PRODUCT = YES;
			};
			name = Release;
		};
		201205C12A060204001D89BE /* Debug */ = {
			isa = XCBuildConfiguration;
			buildSettings = {
				ASSETCATALOG_COMPILER_APPICON_NAME = AppIcon;
				ASSETCATALOG_COMPILER_GLOBAL_ACCENT_COLOR_NAME = AccentColor;
				CODE_SIGN_STYLE = Automatic;
				CURRENT_PROJECT_VERSION = 1;
				DEVELOPMENT_TEAM = A6K768N2V3;
				GENERATE_INFOPLIST_FILE = YES;
				INFOPLIST_FILE = VirusSImulator/Resources/Info.plist;
				INFOPLIST_KEY_UIApplicationSupportsIndirectInputEvents = YES;
				INFOPLIST_KEY_UILaunchStoryboardName = LaunchScreen;
				INFOPLIST_KEY_UIMainStoryboardFile = "";
				INFOPLIST_KEY_UISupportedInterfaceOrientations_iPad = "UIInterfaceOrientationPortrait UIInterfaceOrientationPortraitUpsideDown UIInterfaceOrientationLandscapeLeft UIInterfaceOrientationLandscapeRight";
				INFOPLIST_KEY_UISupportedInterfaceOrientations_iPhone = "UIInterfaceOrientationPortrait UIInterfaceOrientationLandscapeLeft UIInterfaceOrientationLandscapeRight";
				LD_RUNPATH_SEARCH_PATHS = (
					"$(inherited)",
					"@executable_path/Frameworks",
				);
				MARKETING_VERSION = 1.0;
				PRODUCT_BUNDLE_IDENTIFIER = egorSau.VirusSImulator;
				PRODUCT_NAME = "$(TARGET_NAME)";
				SWIFT_EMIT_LOC_STRINGS = YES;
				SWIFT_VERSION = 5.0;
				TARGETED_DEVICE_FAMILY = "1,2";
			};
			name = Debug;
		};
		201205C22A060204001D89BE /* Release */ = {
			isa = XCBuildConfiguration;
			buildSettings = {
				ASSETCATALOG_COMPILER_APPICON_NAME = AppIcon;
				ASSETCATALOG_COMPILER_GLOBAL_ACCENT_COLOR_NAME = AccentColor;
				CODE_SIGN_STYLE = Automatic;
				CURRENT_PROJECT_VERSION = 1;
				DEVELOPMENT_TEAM = A6K768N2V3;
				GENERATE_INFOPLIST_FILE = YES;
				INFOPLIST_FILE = VirusSImulator/Resources/Info.plist;
				INFOPLIST_KEY_UIApplicationSupportsIndirectInputEvents = YES;
				INFOPLIST_KEY_UILaunchStoryboardName = LaunchScreen;
				INFOPLIST_KEY_UIMainStoryboardFile = "";
				INFOPLIST_KEY_UISupportedInterfaceOrientations_iPad = "UIInterfaceOrientationPortrait UIInterfaceOrientationPortraitUpsideDown UIInterfaceOrientationLandscapeLeft UIInterfaceOrientationLandscapeRight";
				INFOPLIST_KEY_UISupportedInterfaceOrientations_iPhone = "UIInterfaceOrientationPortrait UIInterfaceOrientationLandscapeLeft UIInterfaceOrientationLandscapeRight";
				LD_RUNPATH_SEARCH_PATHS = (
					"$(inherited)",
					"@executable_path/Frameworks",
				);
				MARKETING_VERSION = 1.0;
				PRODUCT_BUNDLE_IDENTIFIER = egorSau.VirusSImulator;
				PRODUCT_NAME = "$(TARGET_NAME)";
				SWIFT_EMIT_LOC_STRINGS = YES;
				SWIFT_VERSION = 5.0;
				TARGETED_DEVICE_FAMILY = "1,2";
			};
			name = Release;
		};
/* End XCBuildConfiguration section */

/* Begin XCConfigurationList section */
		201205A72A060203001D89BE /* Build configuration list for PBXProject "VirusSImulator" */ = {
			isa = XCConfigurationList;
			buildConfigurations = (
				201205BE2A060204001D89BE /* Debug */,
				201205BF2A060204001D89BE /* Release */,
			);
			defaultConfigurationIsVisible = 0;
			defaultConfigurationName = Release;
		};
		201205C02A060204001D89BE /* Build configuration list for PBXNativeTarget "VirusSImulator" */ = {
			isa = XCConfigurationList;
			buildConfigurations = (
				201205C12A060204001D89BE /* Debug */,
				201205C22A060204001D89BE /* Release */,
			);
			defaultConfigurationIsVisible = 0;
			defaultConfigurationName = Release;
		};
/* End XCConfigurationList section */
	};
	rootObject = 201205A42A060203001D89BE /* Project object */;
}
